
Microsoft Visual Studio Solution File, Format Version 12.00
# Visual Studio Version 17
VisualStudioVersion = 17.0.31903.59
MinimumVisualStudioVersion = 10.0.40219.1
Project("{FAE04EC0-301F-11D3-BF4B-00C04F79EFBC}") = "Valency.PasswordBook.Hybrid", "Valency.PasswordBook.Hybrid\Valency.PasswordBook.Hybrid.csproj", "{2BB7BF08-FD76-4FDC-8703-E98C11138BCB}"
EndProject
Project("{FAE04EC0-301F-11D3-BF4B-00C04F79EFBC}") = "Valency.PasswordBook.Core", "Valency.PasswordBook.Core\Valency.PasswordBook.Core.csproj", "{102D2CBD-7308-4D4C-91CB-103585323940}"
EndProject
Project("{FAE04EC0-301F-11D3-BF4B-00C04F79EFBC}") = "Valency.PasswordBook.Infrastructure", "Valency.PasswordBook.Infrastructure\Valency.PasswordBook.Infrastructure.csproj", "{4CA9B130-87DF-41BA-AA5F-006F0F62750D}"
EndProject
Global
	GlobalSection(SolutionConfigurationPlatforms) = preSolution
		Debug|Any CPU = Debug|Any CPU
		Debug|x64 = Debug|x64
		Debug|x86 = Debug|x86
		Release|Any CPU = Release|Any CPU
		Release|x64 = Release|x64
		Release|x86 = Release|x86
	EndGlobalSection
	GlobalSection(ProjectConfigurationPlatforms) = postSolution
		{2BB7BF08-FD76-4FDC-8703-E98C11138BCB}.Debug|Any CPU.ActiveCfg = Debug|Any CPU
		{2BB7BF08-FD76-4FDC-8703-E98C11138BCB}.Debug|Any CPU.Build.0 = Debug|Any CPU
		{2BB7BF08-FD76-4FDC-8703-E98C11138BCB}.Debug|x64.ActiveCfg = Debug|Any CPU
		{2BB7BF08-FD76-4FDC-8703-E98C11138BCB}.Debug|x64.Build.0 = Debug|Any CPU
		{2BB7BF08-FD76-4FDC-8703-E98C11138BCB}.Debug|x86.ActiveCfg = Debug|Any CPU
		{2BB7BF08-FD76-4FDC-8703-E98C11138BCB}.Debug|x86.Build.0 = Debug|Any CPU
		{2BB7BF08-FD76-4FDC-8703-E98C11138BCB}.Release|Any CPU.ActiveCfg = Release|Any CPU
		{2BB7BF08-FD76-4FDC-8703-E98C11138BCB}.Release|Any CPU.Build.0 = Release|Any CPU
		{2BB7BF08-FD76-4FDC-8703-E98C11138BCB}.Release|x64.ActiveCfg = Release|Any CPU
		{2BB7BF08-FD76-4FDC-8703-E98C11138BCB}.Release|x64.Build.0 = Release|Any CPU
		{2BB7BF08-FD76-4FDC-8703-E98C11138BCB}.Release|x86.ActiveCfg = Release|Any CPU
		{2BB7BF08-FD76-4FDC-8703-E98C11138BCB}.Release|x86.Build.0 = Release|Any CPU
		{102D2CBD-7308-4D4C-91CB-103585323940}.Debug|Any CPU.ActiveCfg = Debug|Any CPU
		{102D2CBD-7308-4D4C-91CB-103585323940}.Debug|Any CPU.Build.0 = Debug|Any CPU
		{102D2CBD-7308-4D4C-91CB-103585323940}.Debug|x64.ActiveCfg = Debug|Any CPU
		{102D2CBD-7308-4D4C-91CB-103585323940}.Debug|x64.Build.0 = Debug|Any CPU
		{102D2CBD-7308-4D4C-91CB-103585323940}.Debug|x86.ActiveCfg = Debug|Any CPU
		{102D2CBD-7308-4D4C-91CB-103585323940}.Debug|x86.Build.0 = Debug|Any CPU
		{102D2CBD-7308-4D4C-91CB-103585323940}.Release|Any CPU.ActiveCfg = Release|Any CPU
		{102D2CBD-7308-4D4C-91CB-103585323940}.Release|Any CPU.Build.0 = Release|Any CPU
		{102D2CBD-7308-4D4C-91CB-103585323940}.Release|x64.ActiveCfg = Release|Any CPU
		{102D2CBD-7308-4D4C-91CB-103585323940}.Release|x64.Build.0 = Release|Any CPU
		{102D2CBD-7308-4D4C-91CB-103585323940}.Release|x86.ActiveCfg = Release|Any CPU
		{102D2CBD-7308-4D4C-91CB-103585323940}.Release|x86.Build.0 = Release|Any CPU
		{4CA9B130-87DF-41BA-AA5F-006F0F62750D}.Debug|Any CPU.ActiveCfg = Debug|Any CPU
		{4CA9B130-87DF-41BA-AA5F-006F0F62750D}.Debug|Any CPU.Build.0 = Debug|Any CPU
		{4CA9B130-87DF-41BA-AA5F-006F0F62750D}.Debug|x64.ActiveCfg = Debug|Any CPU
		{4CA9B130-87DF-41BA-AA5F-006F0F62750D}.Debug|x64.Build.0 = Debug|Any CPU
		{4CA9B130-87DF-41BA-AA5F-006F0F62750D}.Debug|x86.ActiveCfg = Debug|Any CPU
		{4CA9B130-87DF-41BA-AA5F-006F0F62750D}.Debug|x86.Build.0 = Debug|Any CPU
		{4CA9B130-87DF-41BA-AA5F-006F0F62750D}.Release|Any CPU.ActiveCfg = Release|Any CPU
		{4CA9B130-87DF-41BA-AA5F-006F0F62750D}.Release|Any CPU.Build.0 = Release|Any CPU
		{4CA9B130-87DF-41BA-AA5F-006F0F62750D}.Release|x64.ActiveCfg = Release|Any CPU
		{4CA9B130-87DF-41BA-AA5F-006F0F62750D}.Release|x64.Build.0 = Release|Any CPU
		{4CA9B130-87DF-41BA-AA5F-006F0F62750D}.Release|x86.ActiveCfg = Release|Any CPU
		{4CA9B130-87DF-41BA-AA5F-006F0F62750D}.Release|x86.Build.0 = Release|Any CPU
	EndGlobalSection
	GlobalSection(SolutionProperties) = preSolution
		HideSolutionNode = FALSE
	EndGlobalSection
EndGlobal
